
Microsoft Visual Studio Solution File, Format Version 12.00
# Visual Studio Version 17
VisualStudioVersion = 17.7.34031.279
MinimumVisualStudioVersion = 10.0.40219.1
Project("{FAE04EC0-301F-11D3-BF4B-00C04F79EFBC}") = "BasicCalculator", "BasicCalculator\BasicCalculator.csproj", "{75414913-BD0D-47F3-9E86-87787429FBC0}"
EndProject
Global
	GlobalSection(SolutionConfigurationPlatforms) = preSolution
		Debug|Any CPU = Debug|Any CPU
		Release|Any CPU = Release|Any CPU
	EndGlobalSection
	GlobalSection(ProjectConfigurationPlatforms) = postSolution
		{75414913-BD0D-47F3-9E86-87787429FBC0}.Debug|Any CPU.ActiveCfg = Debug|Any CPU
		{75414913-BD0D-47F3-9E86-87787429FBC0}.Debug|Any CPU.Build.0 = Debug|Any CPU
		{75414913-BD0D-47F3-9E86-87787429FBC0}.Release|Any CPU.ActiveCfg = Release|Any CPU
		{75414913-BD0D-47F3-9E86-87787429FBC0}.Release|Any CPU.Build.0 = Release|Any CPU
	EndGlobalSection
	GlobalSection(SolutionProperties) = preSolution
		HideSolutionNode = FALSE
	EndGlobalSection
	GlobalSection(ExtensibilityGlobals) = postSolution
		SolutionGuid = {E4E1703F-17BB-4182-B7EF-B3FC5E9E47D1}
	EndGlobalSection
EndGlobal
